
Microsoft Visual Studio Solution File, Format Version 12.00
# Visual Studio Version 17
VisualStudioVersion = 17.13.35919.96 d17.13
MinimumVisualStudioVersion = 10.0.40219.1
Project("{FAE04EC0-301F-11D3-BF4B-00C04F79EFBC}") = "Practica_9", "Practica_9.csproj", "{7DCDA6E6-8025-4C03-8EAC-9C4C397E8C97}"
EndProject
Global
	GlobalSection(SolutionConfigurationPlatforms) = preSolution
		Debug|Any CPU = Debug|Any CPU
		Release|Any CPU = Release|Any CPU
	EndGlobalSection
	GlobalSection(ProjectConfigurationPlatforms) = postSolution
		{7DCDA6E6-8025-4C03-8EAC-9C4C397E8C97}.Debug|Any CPU.ActiveCfg = Debug|Any CPU
		{7DCDA6E6-8025-4C03-8EAC-9C4C397E8C97}.Debug|Any CPU.Build.0 = Debug|Any CPU
		{7DCDA6E6-8025-4C03-8EAC-9C4C397E8C97}.Release|Any CPU.ActiveCfg = Release|Any CPU
		{7DCDA6E6-8025-4C03-8EAC-9C4C397E8C97}.Release|Any CPU.Build.0 = Release|Any CPU
	EndGlobalSection
	GlobalSection(SolutionProperties) = preSolution
		HideSolutionNode = FALSE
	EndGlobalSection
	GlobalSection(ExtensibilityGlobals) = postSolution
		SolutionGuid = {0258CE71-5677-4264-BBE8-F9FE219FD03C}
	EndGlobalSection
EndGlobal
