
Microsoft Visual Studio Solution File, Format Version 12.00
# Visual Studio Version 17
VisualStudioVersion = 17.13.35919.96 d17.13
MinimumVisualStudioVersion = 10.0.40219.1
Project("{FAE04EC0-301F-11D3-BF4B-00C04F79EFBC}") = "Practica_2", "Practica_2.csproj", "{624D43AF-124D-44A0-90E2-8DAB303FCB89}"
EndProject
Global
	GlobalSection(SolutionConfigurationPlatforms) = preSolution
		Debug|Any CPU = Debug|Any CPU
		Release|Any CPU = Release|Any CPU
	EndGlobalSection
	GlobalSection(ProjectConfigurationPlatforms) = postSolution
		{624D43AF-124D-44A0-90E2-8DAB303FCB89}.Debug|Any CPU.ActiveCfg = Debug|Any CPU
		{624D43AF-124D-44A0-90E2-8DAB303FCB89}.Debug|Any CPU.Build.0 = Debug|Any CPU
		{624D43AF-124D-44A0-90E2-8DAB303FCB89}.Release|Any CPU.ActiveCfg = Release|Any CPU
		{624D43AF-124D-44A0-90E2-8DAB303FCB89}.Release|Any CPU.Build.0 = Release|Any CPU
	EndGlobalSection
	GlobalSection(SolutionProperties) = preSolution
		HideSolutionNode = FALSE
	EndGlobalSection
	GlobalSection(ExtensibilityGlobals) = postSolution
		SolutionGuid = {8E74C3C3-0B58-4546-A615-5286CF77F9BA}
	EndGlobalSection
EndGlobal
