
Microsoft Visual Studio Solution File, Format Version 12.00
# Visual Studio Version 17
VisualStudioVersion = 17.13.35919.96 d17.13
MinimumVisualStudioVersion = 10.0.40219.1
Project("{FAE04EC0-301F-11D3-BF4B-00C04F79EFBC}") = "Practica_14", "Practica_14.csproj", "{792BB506-DB72-4770-A18F-659EDA18A1DA}"
EndProject
Global
	GlobalSection(SolutionConfigurationPlatforms) = preSolution
		Debug|Any CPU = Debug|Any CPU
		Release|Any CPU = Release|Any CPU
	EndGlobalSection
	GlobalSection(ProjectConfigurationPlatforms) = postSolution
		{792BB506-DB72-4770-A18F-659EDA18A1DA}.Debug|Any CPU.ActiveCfg = Debug|Any CPU
		{792BB506-DB72-4770-A18F-659EDA18A1DA}.Debug|Any CPU.Build.0 = Debug|Any CPU
		{792BB506-DB72-4770-A18F-659EDA18A1DA}.Release|Any CPU.ActiveCfg = Release|Any CPU
		{792BB506-DB72-4770-A18F-659EDA18A1DA}.Release|Any CPU.Build.0 = Release|Any CPU
	EndGlobalSection
	GlobalSection(SolutionProperties) = preSolution
		HideSolutionNode = FALSE
	EndGlobalSection
	GlobalSection(ExtensibilityGlobals) = postSolution
		SolutionGuid = {0C53A260-158B-4EDD-A523-712454912C2B}
	EndGlobalSection
EndGlobal
