
Microsoft Visual Studio Solution File, Format Version 12.00
# Visual Studio Version 17
VisualStudioVersion = 17.13.35919.96 d17.13
MinimumVisualStudioVersion = 10.0.40219.1
Project("{FAE04EC0-301F-11D3-BF4B-00C04F79EFBC}") = "Practica_3", "Practica_3.csproj", "{C4841721-0434-498E-BD47-823A1C1AC2DB}"
EndProject
Global
	GlobalSection(SolutionConfigurationPlatforms) = preSolution
		Debug|Any CPU = Debug|Any CPU
		Release|Any CPU = Release|Any CPU
	EndGlobalSection
	GlobalSection(ProjectConfigurationPlatforms) = postSolution
		{C4841721-0434-498E-BD47-823A1C1AC2DB}.Debug|Any CPU.ActiveCfg = Debug|Any CPU
		{C4841721-0434-498E-BD47-823A1C1AC2DB}.Debug|Any CPU.Build.0 = Debug|Any CPU
		{C4841721-0434-498E-BD47-823A1C1AC2DB}.Release|Any CPU.ActiveCfg = Release|Any CPU
		{C4841721-0434-498E-BD47-823A1C1AC2DB}.Release|Any CPU.Build.0 = Release|Any CPU
	EndGlobalSection
	GlobalSection(SolutionProperties) = preSolution
		HideSolutionNode = FALSE
	EndGlobalSection
	GlobalSection(ExtensibilityGlobals) = postSolution
		SolutionGuid = {A8C486A7-E342-4AAA-BCF4-C9019718CCA2}
	EndGlobalSection
EndGlobal
