
Microsoft Visual Studio Solution File, Format Version 12.00
# Visual Studio Version 17
VisualStudioVersion = 17.13.35919.96 d17.13
MinimumVisualStudioVersion = 10.0.40219.1
Project("{FAE04EC0-301F-11D3-BF4B-00C04F79EFBC}") = "Practica_6", "Practica_6.csproj", "{7CE2BD5A-78AF-4FD9-9498-A5E158CDA7C5}"
EndProject
Global
	GlobalSection(SolutionConfigurationPlatforms) = preSolution
		Debug|Any CPU = Debug|Any CPU
		Release|Any CPU = Release|Any CPU
	EndGlobalSection
	GlobalSection(ProjectConfigurationPlatforms) = postSolution
		{7CE2BD5A-78AF-4FD9-9498-A5E158CDA7C5}.Debug|Any CPU.ActiveCfg = Debug|Any CPU
		{7CE2BD5A-78AF-4FD9-9498-A5E158CDA7C5}.Debug|Any CPU.Build.0 = Debug|Any CPU
		{7CE2BD5A-78AF-4FD9-9498-A5E158CDA7C5}.Release|Any CPU.ActiveCfg = Release|Any CPU
		{7CE2BD5A-78AF-4FD9-9498-A5E158CDA7C5}.Release|Any CPU.Build.0 = Release|Any CPU
	EndGlobalSection
	GlobalSection(SolutionProperties) = preSolution
		HideSolutionNode = FALSE
	EndGlobalSection
	GlobalSection(ExtensibilityGlobals) = postSolution
		SolutionGuid = {5E6DF7D4-BD85-406E-A9A0-1C528956AC78}
	EndGlobalSection
EndGlobal
