
Microsoft Visual Studio Solution File, Format Version 12.00
# Visual Studio Version 17
VisualStudioVersion = 17.13.35919.96 d17.13
MinimumVisualStudioVersion = 10.0.40219.1
Project("{FAE04EC0-301F-11D3-BF4B-00C04F79EFBC}") = "Practica_2", "Practica_2.csproj", "{CC2F2736-57CD-4D62-AA4B-20CEB3CD83E3}"
EndProject
Global
	GlobalSection(SolutionConfigurationPlatforms) = preSolution
		Debug|Any CPU = Debug|Any CPU
		Release|Any CPU = Release|Any CPU
	EndGlobalSection
	GlobalSection(ProjectConfigurationPlatforms) = postSolution
		{CC2F2736-57CD-4D62-AA4B-20CEB3CD83E3}.Debug|Any CPU.ActiveCfg = Debug|Any CPU
		{CC2F2736-57CD-4D62-AA4B-20CEB3CD83E3}.Debug|Any CPU.Build.0 = Debug|Any CPU
		{CC2F2736-57CD-4D62-AA4B-20CEB3CD83E3}.Release|Any CPU.ActiveCfg = Release|Any CPU
		{CC2F2736-57CD-4D62-AA4B-20CEB3CD83E3}.Release|Any CPU.Build.0 = Release|Any CPU
	EndGlobalSection
	GlobalSection(SolutionProperties) = preSolution
		HideSolutionNode = FALSE
	EndGlobalSection
	GlobalSection(ExtensibilityGlobals) = postSolution
		SolutionGuid = {E9E568C4-8F2F-4E6E-B031-0A6AF4677613}
	EndGlobalSection
EndGlobal
