
Microsoft Visual Studio Solution File, Format Version 12.00
# Visual Studio Version 17
VisualStudioVersion = 17.13.35919.96 d17.13
MinimumVisualStudioVersion = 10.0.40219.1
Project("{FAE04EC0-301F-11D3-BF4B-00C04F79EFBC}") = "Practica_15", "Practica_15.csproj", "{F08582CA-4AA6-4B92-BF5F-8D76399B6560}"
EndProject
Global
	GlobalSection(SolutionConfigurationPlatforms) = preSolution
		Debug|Any CPU = Debug|Any CPU
		Release|Any CPU = Release|Any CPU
	EndGlobalSection
	GlobalSection(ProjectConfigurationPlatforms) = postSolution
		{F08582CA-4AA6-4B92-BF5F-8D76399B6560}.Debug|Any CPU.ActiveCfg = Debug|Any CPU
		{F08582CA-4AA6-4B92-BF5F-8D76399B6560}.Debug|Any CPU.Build.0 = Debug|Any CPU
		{F08582CA-4AA6-4B92-BF5F-8D76399B6560}.Release|Any CPU.ActiveCfg = Release|Any CPU
		{F08582CA-4AA6-4B92-BF5F-8D76399B6560}.Release|Any CPU.Build.0 = Release|Any CPU
	EndGlobalSection
	GlobalSection(SolutionProperties) = preSolution
		HideSolutionNode = FALSE
	EndGlobalSection
	GlobalSection(ExtensibilityGlobals) = postSolution
		SolutionGuid = {5CFBED55-5760-4E0E-AAD9-4A519F7BF580}
	EndGlobalSection
EndGlobal
